
Microsoft Visual Studio Solution File, Format Version 12.00
# Visual Studio 2013
VisualStudioVersion = 12.0.30110.0
MinimumVisualStudioVersion = 10.0.40219.1
Project("{FAE04EC0-301F-11D3-BF4B-00C04F79EFBC}") = "Commons", "Commons\Commons.csproj", "{FF21A89F-24D7-489C-84C4-12E8FDB27E04}"
EndProject
Project("{FAE04EC0-301F-11D3-BF4B-00C04F79EFBC}") = "Commons.Xml", "Commons.Xml\Commons.Xml.csproj", "{DC55EBEC-8E90-4F5B-B2A8-C19CAF536BCF}"
EndProject
Project("{FAE04EC0-301F-11D3-BF4B-00C04F79EFBC}") = "Commons.Tests", "Commons.Tests\Commons.Tests.csproj", "{977ED258-EDF5-45C9-8744-7C3D6FFE8172}"
EndProject
Global
	GlobalSection(SolutionConfigurationPlatforms) = preSolution
		Debug|Any CPU = Debug|Any CPU
		Release|Any CPU = Release|Any CPU
	EndGlobalSection
	GlobalSection(ProjectConfigurationPlatforms) = postSolution
		{FF21A89F-24D7-489C-84C4-12E8FDB27E04}.Debug|Any CPU.ActiveCfg = Debug|Any CPU
		{FF21A89F-24D7-489C-84C4-12E8FDB27E04}.Debug|Any CPU.Build.0 = Debug|Any CPU
		{FF21A89F-24D7-489C-84C4-12E8FDB27E04}.Debug|Any CPU.Deploy.0 = Debug|Any CPU
		{FF21A89F-24D7-489C-84C4-12E8FDB27E04}.Release|Any CPU.ActiveCfg = Release|Any CPU
		{FF21A89F-24D7-489C-84C4-12E8FDB27E04}.Release|Any CPU.Build.0 = Release|Any CPU
		{DC55EBEC-8E90-4F5B-B2A8-C19CAF536BCF}.Debug|Any CPU.ActiveCfg = Debug|Any CPU
		{DC55EBEC-8E90-4F5B-B2A8-C19CAF536BCF}.Debug|Any CPU.Build.0 = Debug|Any CPU
		{DC55EBEC-8E90-4F5B-B2A8-C19CAF536BCF}.Release|Any CPU.ActiveCfg = Release|Any CPU
		{DC55EBEC-8E90-4F5B-B2A8-C19CAF536BCF}.Release|Any CPU.Build.0 = Release|Any CPU
		{977ED258-EDF5-45C9-8744-7C3D6FFE8172}.Debug|Any CPU.ActiveCfg = Debug|Any CPU
		{977ED258-EDF5-45C9-8744-7C3D6FFE8172}.Debug|Any CPU.Build.0 = Debug|Any CPU
		{977ED258-EDF5-45C9-8744-7C3D6FFE8172}.Release|Any CPU.ActiveCfg = Release|Any CPU
		{977ED258-EDF5-45C9-8744-7C3D6FFE8172}.Release|Any CPU.Build.0 = Release|Any CPU
	EndGlobalSection
	GlobalSection(SolutionProperties) = preSolution
		HideSolutionNode = FALSE
	EndGlobalSection
EndGlobal
